{
    "_readme": [
        "This file locks the dependencies of your project to a known state",
        "Read more about it at https://getcomposer.org/doc/01-basic-usage.md#composer-lock-the-lock-file",
        "This file is @generated automatically"
    ],
    "content-hash": "7b3b5a34fbb1bdb554115bd63ee2f79a",
    "packages": [
        {
            "name": "boldgrid/bgforms",
            "version": "1.0.0",
            "source": {
                "type": "git",
                "url": "git@github.com:BoldGrid/bgforms.git",
                "reference": "26f4cde6d4b9ab3a48eb6c477558e8d0edd1536c"
            },
            "dist": {
                "type": "zip",
                "url": "https://api.github.com/repos/BoldGrid/bgforms/zipball/26f4cde6d4b9ab3a48eb6c477558e8d0edd1536c",
                "reference": "26f4cde6d4b9ab3a48eb6c477558e8d0edd1536c",
                "shasum": ""
            },
            "require": {
                "boldgrid/library": "dev-dev"
            },
            "type": "library",
            "autoload": {
                "psr-4": {
                    "Boldgrid\\Library\\Form\\": "src/Form"
                }
            },
            "license": [
                "GPL2.0"
            ],
            "authors": [
                {
                    "name": "Joe C",
                    "email": "joec@boldgrid.com",
                    "role": "Developer"
                },
                {
                    "name": "Tim Elsass",
                    "email": "dev@tim.ph",
                    "homepage": "http://tim.ph",
                    "role": "Developer"
                },
                {
                    "name": "Rafael Ramos",
                    "email": "rafaelh@boldgrid.com",
                    "homepage": "http://rafael-ramos.com",
                    "role": "Developer"
                },
                {
                    "name": "bwmarkle",
                    "email": "bradm@boldgrid.com",
                    "role": "Developer"
                }
            ],
            "description": "A composer package for BoldGrid Forms.",
            "support": {
                "source": "https://github.com/BoldGrid/bgforms/tree/dev",
                "issues": "https://github.com/BoldGrid/bgforms/issues"
            },
            "time": "2017-07-11T18:45:48+00:00"
        },
        {
            "name": "boldgrid/boldgrid-inspirations-premium",
            "version": "dev-dev",
            "source": {
                "type": "git",
                "url": "git@github.com:BoldGrid/boldgrid-inspirations-premium.git",
                "reference": "a4c84994d85c02fd20d38310c0a3910c58a35d8e"
            },
            "dist": {
                "type": "zip",
                "url": "https://api.github.com/repos/BoldGrid/boldgrid-inspirations-premium/zipball/a4c84994d85c02fd20d38310c0a3910c58a35d8e",
                "reference": "a4c84994d85c02fd20d38310c0a3910c58a35d8e",
                "shasum": ""
            },
            "require": {
                "boldgrid/library": "dev-dev"
            },
            "type": "library",
            "autoload": {
                "psr-4": {
                    "Boldgrid\\Inspirations\\Premium\\": "src/Premium"
                }
            },
            "license": [
                "GPL2.0"
            ],
            "authors": [
                {
                    "name": "Tim Elsass",
                    "email": "dev@tim.ph",
                    "homepage": "http://tim.ph",
                    "role": "Developer"
                },
                {
                    "name": "Rafael Ramos",
                    "homepage": "http://rafael-ramos.com",
                    "role": "Developer"
                },
                {
                    "name": "Joe",
                    "role": "Developer"
                },
                {
                    "name": "bwmarkle",
                    "role": "Developer"
                }
            ],
            "description": "Premium BoldGrid Inspirations Features.",
            "support": {
                "source": "https://github.com/BoldGrid/boldgrid-inspirations-premium/tree/0.1.0",
                "issues": "https://github.com/BoldGrid/boldgrid-inspirations-premium/issues"
            },
            "time": "2017-06-01 19:58:32"
        },
        {
            "name": "boldgrid/library",
            "version": "dev-dev",
            "source": {
                "type": "git",
                "url": "https://github.com/BoldGrid/library.git",
                "reference": "23175cd0a12f35866ab6c6f48bbac410af9ddddf"
            },
            "dist": {
                "type": "zip",
                "url": "https://api.github.com/repos/BoldGrid/library/zipball/23175cd0a12f35866ab6c6f48bbac410af9ddddf",
                "reference": "23175cd0a12f35866ab6c6f48bbac410af9ddddf",
                "shasum": ""
            },
            "type": "library",
            "autoload": {
                "psr-4": {
                    "Boldgrid\\Library\\Util\\": "src/Util"
                }
            },
            "notification-url": "https://packagist.org/downloads/",
            "license": [
                "GPL2.0"
            ],
            "authors": [
                {
                    "name": "Tim Elsass",
                    "email": "dev@tim.ph",
                    "homepage": "http://tim.ph",
                    "role": "Developer"
                },
                {
                    "name": "Rafael Ramos",
                    "homepage": "http://rafael-ramos.com",
                    "role": "Developer"
                },
                {
                    "name": "Joe",
                    "role": "Developer"
                },
                {
                    "name": "bwmarkle",
                    "role": "Developer"
                }
            ],
            "description": "The BoldGrid Library for shared code used in official BoldGrid plugins and themes.",
            "time": "2017-07-12 16:34:02"
        }
    ],
    "packages-dev": [],
    "aliases": [],
    "minimum-stability": "dev",
    "stability-flags": {
        "boldgrid/boldgrid-inspirations-premium": 20
    },
    "prefer-stable": false,
    "prefer-lowest": false,
    "platform": [],
    "platform-dev": []
}
