{
    "_readme": [
        "This file locks the dependencies of your project to a known state",
        "Read more about it at https://getcomposer.org/doc/01-basic-usage.md#installing-dependencies",
        "This file is @generated automatically"
    ],
    "content-hash": "d16281bff85c428740215360c0fc4571",
    "packages": [
        {
            "name": "boldgrid/bgforms",
            "version": "1.1.4",
            "source": {
                "type": "git",
                "url": "https://github.com/BoldGrid/bgforms.git",
                "reference": "5740df202b10bf47301f81872edabfc3447cabe5"
            },
            "dist": {
                "type": "zip",
                "url": "https://api.github.com/repos/BoldGrid/bgforms/zipball/5740df202b10bf47301f81872edabfc3447cabe5",
                "reference": "5740df202b10bf47301f81872edabfc3447cabe5",
                "shasum": ""
            },
            "require": {
                "boldgrid/library": "^2.0.0"
            },
            "type": "library",
            "autoload": {
                "psr-4": {
                    "Boldgrid\\Library\\Form\\": "src/Form"
                }
            },
            "notification-url": "https://packagist.org/downloads/",
            "license": [
                "GPL-2.0-or-later"
            ],
            "authors": [
                {
                    "name": "Tim Elsass",
                    "email": "dev@tim.ph",
                    "homepage": "http://tim.ph",
                    "role": "Developer"
                },
                {
                    "name": "Joe C",
                    "email": "joec@boldgrid.com",
                    "role": "Developer"
                },
                {
                    "name": "Rafael Ramos",
                    "email": "rafaelh@boldgrid.com",
                    "homepage": "http://rafael-ramos.com",
                    "role": "Developer"
                },
                {
                    "name": "bwmarkle",
                    "email": "bradm@boldgrid.com",
                    "role": "Developer"
                }
            ],
            "description": "A composer package for BoldGrid Forms.",
            "time": "2018-02-27T21:05:27+00:00"
        },
        {
            "name": "boldgrid/boldgrid-inspirations-premium",
            "version": "1.0.3",
            "source": {
                "type": "git",
                "url": "https://github.com/BoldGrid/boldgrid-inspirations-premium.git",
                "reference": "8c36651ef7e64c066efde93f9cbea83253dbcde5"
            },
            "dist": {
                "type": "zip",
                "url": "https://api.github.com/repos/BoldGrid/boldgrid-inspirations-premium/zipball/8c36651ef7e64c066efde93f9cbea83253dbcde5",
                "reference": "8c36651ef7e64c066efde93f9cbea83253dbcde5",
                "shasum": ""
            },
            "require": {
                "boldgrid/library": "^2.0.0"
            },
            "type": "library",
            "autoload": {
                "psr-4": {
                    "Boldgrid\\Inspirations\\Premium\\": "src/Premium"
                }
            },
            "notification-url": "https://packagist.org/downloads/",
            "license": [
                "GPL-2.0-or-later"
            ],
            "authors": [
                {
                    "name": "Tim Elsass",
                    "email": "dev@tim.ph",
                    "homepage": "http://tim.ph",
                    "role": "Developer"
                },
                {
                    "name": "Rafael Ramos",
                    "homepage": "http://rafael-ramos.com",
                    "role": "Developer"
                },
                {
                    "name": "Joe",
                    "role": "Developer"
                },
                {
                    "name": "bwmarkle",
                    "role": "Developer"
                }
            ],
            "description": "Premium BoldGrid Inspirations Features.",
            "time": "2018-02-27T20:29:36+00:00"
        },
        {
            "name": "boldgrid/library",
            "version": "2.8.0-rc.1",
            "source": {
                "type": "git",
                "url": "https://github.com/BoldGrid/library.git",
                "reference": "a6016b7bdd8a1ce90d77afba5149ae29dbecaf62"
            },
            "dist": {
                "type": "zip",
                "url": "https://api.github.com/repos/BoldGrid/library/zipball/a6016b7bdd8a1ce90d77afba5149ae29dbecaf62",
                "reference": "a6016b7bdd8a1ce90d77afba5149ae29dbecaf62",
                "shasum": ""
            },
            "type": "library",
            "autoload": {
                "psr-4": {
                    "Boldgrid\\Library\\Util\\": "src/Util"
                }
            },
            "notification-url": "https://packagist.org/downloads/",
            "license": [
                "GPL-2.0-or-later"
            ],
            "authors": [
                {
                    "name": "Tim Elsass",
                    "email": "dev@tim.ph",
                    "homepage": "http://tim.ph",
                    "role": "Developer"
                },
                {
                    "name": "Rafael Ramos",
                    "homepage": "http://rafael-ramos.com",
                    "role": "Developer"
                },
                {
                    "name": "bwmarkle",
                    "role": "Developer"
                },
                {
                    "name": "Joe C",
                    "email": "joec@boldgrid.com",
                    "role": "Developer"
                }
            ],
            "description": "The BoldGrid Library for shared code used in official BoldGrid plugins and themes.",
            "time": "2019-03-05T19:36:25+00:00"
        },
        {
            "name": "boldgrid/plugin-installer",
            "version": "1.0.5-rc.1",
            "source": {
                "type": "git",
                "url": "https://github.com/BoldGrid/plugin-installer.git",
                "reference": "0927b18c44b2b29aa26d5b5f89caa444bca84ca5"
            },
            "dist": {
                "type": "zip",
                "url": "https://api.github.com/repos/BoldGrid/plugin-installer/zipball/0927b18c44b2b29aa26d5b5f89caa444bca84ca5",
                "reference": "0927b18c44b2b29aa26d5b5f89caa444bca84ca5",
                "shasum": ""
            },
            "require": {
                "boldgrid/library": "^2.0.0"
            },
            "type": "library",
            "autoload": {
                "psr-4": {
                    "Boldgrid\\Library\\Plugin\\": "src/Plugin"
                }
            },
            "notification-url": "https://packagist.org/downloads/",
            "license": [
                "GPL-2.0-or-later"
            ],
            "authors": [
                {
                    "name": "Tim Elsass",
                    "email": "dev@tim.ph",
                    "homepage": "http://tim.ph",
                    "role": "Developer"
                },
                {
                    "name": "Joe C",
                    "email": "joec@boldgrid.com",
                    "role": "Developer"
                },
                {
                    "name": "Rafael Ramos",
                    "email": "rafaelh@boldgrid.com",
                    "homepage": "http://rafael-ramos.com",
                    "role": "Developer"
                },
                {
                    "name": "bwmarkle",
                    "email": "bradm@boldgrid.com",
                    "role": "Developer"
                }
            ],
            "description": "The BoldGrid plugin installer used for official BoldGrid plugins.",
            "time": "2019-03-05T19:41:04+00:00"
        }
    ],
    "packages-dev": [],
    "aliases": [
        {
            "alias": "2.8.0",
            "alias_normalized": "2.8.0.0",
            "version": "2.8.0.0-RC1",
            "package": "boldgrid/library"
        }
    ],
    "minimum-stability": "stable",
    "stability-flags": {
        "boldgrid/library": 5,
        "boldgrid/plugin-installer": 5
    },
    "prefer-stable": false,
    "prefer-lowest": false,
    "platform": [],
    "platform-dev": []
}
