{
    "_readme": [
        "This file locks the dependencies of your project to a known state",
        "Read more about it at https://getcomposer.org/doc/01-basic-usage.md#composer-lock-the-lock-file",
        "This file is @generated automatically"
    ],
    "content-hash": "a685621b27230eefcbdc08fdfb17f66d",
    "packages": [
        {
            "name": "boldgrid/boldgrid-inspirations-premium",
            "version": "dev-dev",
            "source": {
                "type": "git",
                "url": "git@github.com:BoldGrid/boldgrid-inspirations-premium.git",
                "reference": "a4c84994d85c02fd20d38310c0a3910c58a35d8e"
            },
            "dist": {
                "type": "zip",
                "url": "https://api.github.com/repos/BoldGrid/boldgrid-inspirations-premium/zipball/a4c84994d85c02fd20d38310c0a3910c58a35d8e",
                "reference": "a4c84994d85c02fd20d38310c0a3910c58a35d8e",
                "shasum": ""
            },
            "require": {
                "boldgrid/library": "dev-dev"
            },
            "type": "library",
            "autoload": {
                "psr-4": {
                    "Boldgrid\\Inspirations\\Premium\\": "src/Premium"
                }
            },
            "license": [
                "GPL2.0"
            ],
            "authors": [
                {
                    "name": "Tim Elsass",
                    "email": "dev@tim.ph",
                    "homepage": "http://tim.ph",
                    "role": "Developer"
                },
                {
                    "name": "Rafael Ramos",
                    "homepage": "http://rafael-ramos.com",
                    "role": "Developer"
                },
                {
                    "name": "Joe",
                    "role": "Developer"
                },
                {
                    "name": "bwmarkle",
                    "role": "Developer"
                }
            ],
            "description": "Premium BoldGrid Inspirations Features.",
            "support": {
                "source": "https://github.com/BoldGrid/boldgrid-inspirations-premium/tree/dev",
                "issues": "https://github.com/BoldGrid/boldgrid-inspirations-premium/issues"
            },
            "time": "2017-06-01T19:58:32+00:00"
        },
        {
            "name": "boldgrid/library",
            "version": "dev-dev",
            "source": {
                "type": "git",
                "url": "https://github.com/BoldGrid/library.git",
                "reference": "63a63798805804cefbe8a45a6bf68c0881491122"
            },
            "dist": {
                "type": "zip",
                "url": "https://api.github.com/repos/BoldGrid/library/zipball/63a63798805804cefbe8a45a6bf68c0881491122",
                "reference": "63a63798805804cefbe8a45a6bf68c0881491122",
                "shasum": ""
            },
            "type": "library",
            "autoload": {
                "psr-4": {
                    "Boldgrid\\Library\\Util\\": "src/Util"
                }
            },
            "notification-url": "https://packagist.org/downloads/",
            "license": [
                "GPL2.0"
            ],
            "authors": [
                {
                    "name": "Tim Elsass",
                    "email": "dev@tim.ph",
                    "homepage": "http://tim.ph",
                    "role": "Developer"
                },
                {
                    "name": "Rafael Ramos",
                    "homepage": "http://rafael-ramos.com",
                    "role": "Developer"
                },
                {
                    "name": "Joe",
                    "role": "Developer"
                },
                {
                    "name": "bwmarkle",
                    "role": "Developer"
                }
            ],
            "description": "The BoldGrid Library for shared code used in official BoldGrid plugins and themes.",
            "time": "2017-06-27 01:01:38"
        }
    ],
    "packages-dev": [],
    "aliases": [],
    "minimum-stability": "dev",
    "stability-flags": {
        "boldgrid/boldgrid-inspirations-premium": 20
    },
    "prefer-stable": false,
    "prefer-lowest": false,
    "platform": [],
    "platform-dev": []
}
